
Microsoft Visual Studio Solution File, Format Version 12.00
# Visual Studio Version 17
VisualStudioVersion = 17.5.33516.290
MinimumVisualStudioVersion = 10.0.40219.1
Project("{9A19103F-16F7-4668-BE54-9A1E7A4F7556}") = "Cross.Common", "CursoArquitecturaNET.Transversal.Common\Cross.Common.csproj", "{BE6DC6F7-EC8B-415F-8E2C-948552508E35}"
EndProject
Project("{2150E333-8FDC-42A3-9474-1A3956D46DE8}") = "5.Cross", "5.Cross", "{DB8F37BC-718D-4FEB-9141-0EE908C76FF9}"
EndProject
Project("{2150E333-8FDC-42A3-9474-1A3956D46DE8}") = "4.Infraestructure", "4.Infraestructure", "{CC70A712-ED9C-48D9-AD75-837ED6678A69}"
EndProject
Project("{2150E333-8FDC-42A3-9474-1A3956D46DE8}") = "3.Domain", "3.Domain", "{74179176-A791-43EB-93D8-FD49364B0015}"
EndProject
Project("{2150E333-8FDC-42A3-9474-1A3956D46DE8}") = "2.Application", "2.Application", "{FC958E12-4B81-4B0E-809D-907607353DF9}"
EndProject
Project("{2150E333-8FDC-42A3-9474-1A3956D46DE8}") = "1.Services", "1.Services", "{08F60DE2-A8C4-410F-A0CC-E4D5BD92951A}"
EndProject
Project("{9A19103F-16F7-4668-BE54-9A1E7A4F7556}") = "Infraestructure.Data", "Data\Infraestructure.Data.csproj", "{E1ED3E40-3D1A-4B15-936D-D4692F041005}"
EndProject
Project("{9A19103F-16F7-4668-BE54-9A1E7A4F7556}") = "Infraestructure.Interface", "Interface\Infraestructure.Interface.csproj", "{F0ACFA5E-5ECB-4A32-92C4-847064E58ABB}"
EndProject
Project("{9A19103F-16F7-4668-BE54-9A1E7A4F7556}") = "Domain.Entity", "Entity\Domain.Entity.csproj", "{ED992663-B5C4-4201-BE49-F3177D8716C9}"
EndProject
Project("{9A19103F-16F7-4668-BE54-9A1E7A4F7556}") = "Infraestructure.Repository", "Infraestructura.Repository\Infraestructure.Repository.csproj", "{AD9C1A58-C550-444E-A420-F2336D07EE3E}"
EndProject
Project("{9A19103F-16F7-4668-BE54-9A1E7A4F7556}") = "Domain.Interface", "Dominio.Interface\Domain.Interface.csproj", "{831A19F9-71C3-4C37-9D35-26A67E9D4C15}"
EndProject
Project("{9A19103F-16F7-4668-BE54-9A1E7A4F7556}") = "Domain.Core", "Dominio.Core\Domain.Core.csproj", "{637973B6-8B94-4341-9E7D-520B45B78FF7}"
EndProject
Project("{9A19103F-16F7-4668-BE54-9A1E7A4F7556}") = "Application.DTO", "Application.DTO\Application.DTO.csproj", "{58AA5BF0-6E97-42DA-A0EB-702F65B1F307}"
EndProject
Project("{9A19103F-16F7-4668-BE54-9A1E7A4F7556}") = "Cross.Mapper", "Transversal.Mapper\Cross.Mapper.csproj", "{72FC4DB2-7F88-40A6-8611-FBA6F77ED9A2}"
EndProject
Project("{9A19103F-16F7-4668-BE54-9A1E7A4F7556}") = "Application.Interface", "Application.Interface\Application.Interface.csproj", "{3B5C50B7-E386-4C71-AAE3-911619C05A86}"
EndProject
Project("{9A19103F-16F7-4668-BE54-9A1E7A4F7556}") = "Application.Main", "Application.Main\Application.Main.csproj", "{E72FAB0D-9836-49DA-92F3-BCCD530AD95D}"
EndProject
Project("{9A19103F-16F7-4668-BE54-9A1E7A4F7556}") = "Services.WebApi", "Services.WebApi\Services.WebApi.csproj", "{0BA5AEF4-B363-43BC-B2F7-ED635C436825}"
EndProject
Project("{9A19103F-16F7-4668-BE54-9A1E7A4F7556}") = "Cross.Logging", "Cross.Logging\Cross.Logging.csproj", "{CC54F5DD-D6BA-4E6C-ADD8-477060A39B9B}"
EndProject
Project("{FAE04EC0-301F-11D3-BF4B-00C04F79EFBC}") = "Application.Validator", "Application.Validator\Application.Validator.csproj", "{EB748C2D-E06D-44A9-AF5C-3D27BFFE52A4}"
EndProject
Global
	GlobalSection(SolutionConfigurationPlatforms) = preSolution
		Debug|Any CPU = Debug|Any CPU
		Release|Any CPU = Release|Any CPU
	EndGlobalSection
	GlobalSection(ProjectConfigurationPlatforms) = postSolution
		{BE6DC6F7-EC8B-415F-8E2C-948552508E35}.Debug|Any CPU.ActiveCfg = Debug|Any CPU
		{BE6DC6F7-EC8B-415F-8E2C-948552508E35}.Debug|Any CPU.Build.0 = Debug|Any CPU
		{BE6DC6F7-EC8B-415F-8E2C-948552508E35}.Release|Any CPU.ActiveCfg = Release|Any CPU
		{BE6DC6F7-EC8B-415F-8E2C-948552508E35}.Release|Any CPU.Build.0 = Release|Any CPU
		{E1ED3E40-3D1A-4B15-936D-D4692F041005}.Debug|Any CPU.ActiveCfg = Debug|Any CPU
		{E1ED3E40-3D1A-4B15-936D-D4692F041005}.Debug|Any CPU.Build.0 = Debug|Any CPU
		{E1ED3E40-3D1A-4B15-936D-D4692F041005}.Release|Any CPU.ActiveCfg = Release|Any CPU
		{E1ED3E40-3D1A-4B15-936D-D4692F041005}.Release|Any CPU.Build.0 = Release|Any CPU
		{F0ACFA5E-5ECB-4A32-92C4-847064E58ABB}.Debug|Any CPU.ActiveCfg = Debug|Any CPU
		{F0ACFA5E-5ECB-4A32-92C4-847064E58ABB}.Debug|Any CPU.Build.0 = Debug|Any CPU
		{F0ACFA5E-5ECB-4A32-92C4-847064E58ABB}.Release|Any CPU.ActiveCfg = Release|Any CPU
		{F0ACFA5E-5ECB-4A32-92C4-847064E58ABB}.Release|Any CPU.Build.0 = Release|Any CPU
		{ED992663-B5C4-4201-BE49-F3177D8716C9}.Debug|Any CPU.ActiveCfg = Debug|Any CPU
		{ED992663-B5C4-4201-BE49-F3177D8716C9}.Debug|Any CPU.Build.0 = Debug|Any CPU
		{ED992663-B5C4-4201-BE49-F3177D8716C9}.Release|Any CPU.ActiveCfg = Release|Any CPU
		{ED992663-B5C4-4201-BE49-F3177D8716C9}.Release|Any CPU.Build.0 = Release|Any CPU
		{AD9C1A58-C550-444E-A420-F2336D07EE3E}.Debug|Any CPU.ActiveCfg = Debug|Any CPU
		{AD9C1A58-C550-444E-A420-F2336D07EE3E}.Debug|Any CPU.Build.0 = Debug|Any CPU
		{AD9C1A58-C550-444E-A420-F2336D07EE3E}.Release|Any CPU.ActiveCfg = Release|Any CPU
		{AD9C1A58-C550-444E-A420-F2336D07EE3E}.Release|Any CPU.Build.0 = Release|Any CPU
		{831A19F9-71C3-4C37-9D35-26A67E9D4C15}.Debug|Any CPU.ActiveCfg = Debug|Any CPU
		{831A19F9-71C3-4C37-9D35-26A67E9D4C15}.Debug|Any CPU.Build.0 = Debug|Any CPU
		{831A19F9-71C3-4C37-9D35-26A67E9D4C15}.Release|Any CPU.ActiveCfg = Release|Any CPU
		{831A19F9-71C3-4C37-9D35-26A67E9D4C15}.Release|Any CPU.Build.0 = Release|Any CPU
		{637973B6-8B94-4341-9E7D-520B45B78FF7}.Debug|Any CPU.ActiveCfg = Debug|Any CPU
		{637973B6-8B94-4341-9E7D-520B45B78FF7}.Debug|Any CPU.Build.0 = Debug|Any CPU
		{637973B6-8B94-4341-9E7D-520B45B78FF7}.Release|Any CPU.ActiveCfg = Release|Any CPU
		{637973B6-8B94-4341-9E7D-520B45B78FF7}.Release|Any CPU.Build.0 = Release|Any CPU
		{58AA5BF0-6E97-42DA-A0EB-702F65B1F307}.Debug|Any CPU.ActiveCfg = Debug|Any CPU
		{58AA5BF0-6E97-42DA-A0EB-702F65B1F307}.Debug|Any CPU.Build.0 = Debug|Any CPU
		{58AA5BF0-6E97-42DA-A0EB-702F65B1F307}.Release|Any CPU.ActiveCfg = Release|Any CPU
		{58AA5BF0-6E97-42DA-A0EB-702F65B1F307}.Release|Any CPU.Build.0 = Release|Any CPU
		{72FC4DB2-7F88-40A6-8611-FBA6F77ED9A2}.Debug|Any CPU.ActiveCfg = Debug|Any CPU
		{72FC4DB2-7F88-40A6-8611-FBA6F77ED9A2}.Debug|Any CPU.Build.0 = Debug|Any CPU
		{72FC4DB2-7F88-40A6-8611-FBA6F77ED9A2}.Release|Any CPU.ActiveCfg = Release|Any CPU
		{72FC4DB2-7F88-40A6-8611-FBA6F77ED9A2}.Release|Any CPU.Build.0 = Release|Any CPU
		{3B5C50B7-E386-4C71-AAE3-911619C05A86}.Debug|Any CPU.ActiveCfg = Debug|Any CPU
		{3B5C50B7-E386-4C71-AAE3-911619C05A86}.Debug|Any CPU.Build.0 = Debug|Any CPU
		{3B5C50B7-E386-4C71-AAE3-911619C05A86}.Release|Any CPU.ActiveCfg = Release|Any CPU
		{3B5C50B7-E386-4C71-AAE3-911619C05A86}.Release|Any CPU.Build.0 = Release|Any CPU
		{E72FAB0D-9836-49DA-92F3-BCCD530AD95D}.Debug|Any CPU.ActiveCfg = Debug|Any CPU
		{E72FAB0D-9836-49DA-92F3-BCCD530AD95D}.Debug|Any CPU.Build.0 = Debug|Any CPU
		{E72FAB0D-9836-49DA-92F3-BCCD530AD95D}.Release|Any CPU.ActiveCfg = Release|Any CPU
		{E72FAB0D-9836-49DA-92F3-BCCD530AD95D}.Release|Any CPU.Build.0 = Release|Any CPU
		{0BA5AEF4-B363-43BC-B2F7-ED635C436825}.Debug|Any CPU.ActiveCfg = Debug|Any CPU
		{0BA5AEF4-B363-43BC-B2F7-ED635C436825}.Debug|Any CPU.Build.0 = Debug|Any CPU
		{0BA5AEF4-B363-43BC-B2F7-ED635C436825}.Release|Any CPU.ActiveCfg = Release|Any CPU
		{0BA5AEF4-B363-43BC-B2F7-ED635C436825}.Release|Any CPU.Build.0 = Release|Any CPU
		{CC54F5DD-D6BA-4E6C-ADD8-477060A39B9B}.Debug|Any CPU.ActiveCfg = Debug|Any CPU
		{CC54F5DD-D6BA-4E6C-ADD8-477060A39B9B}.Debug|Any CPU.Build.0 = Debug|Any CPU
		{CC54F5DD-D6BA-4E6C-ADD8-477060A39B9B}.Release|Any CPU.ActiveCfg = Release|Any CPU
		{CC54F5DD-D6BA-4E6C-ADD8-477060A39B9B}.Release|Any CPU.Build.0 = Release|Any CPU
		{EB748C2D-E06D-44A9-AF5C-3D27BFFE52A4}.Debug|Any CPU.ActiveCfg = Debug|Any CPU
		{EB748C2D-E06D-44A9-AF5C-3D27BFFE52A4}.Debug|Any CPU.Build.0 = Debug|Any CPU
		{EB748C2D-E06D-44A9-AF5C-3D27BFFE52A4}.Release|Any CPU.ActiveCfg = Release|Any CPU
		{EB748C2D-E06D-44A9-AF5C-3D27BFFE52A4}.Release|Any CPU.Build.0 = Release|Any CPU
	EndGlobalSection
	GlobalSection(SolutionProperties) = preSolution
		HideSolutionNode = FALSE
	EndGlobalSection
	GlobalSection(NestedProjects) = preSolution
		{BE6DC6F7-EC8B-415F-8E2C-948552508E35} = {DB8F37BC-718D-4FEB-9141-0EE908C76FF9}
		{E1ED3E40-3D1A-4B15-936D-D4692F041005} = {CC70A712-ED9C-48D9-AD75-837ED6678A69}
		{F0ACFA5E-5ECB-4A32-92C4-847064E58ABB} = {CC70A712-ED9C-48D9-AD75-837ED6678A69}
		{ED992663-B5C4-4201-BE49-F3177D8716C9} = {74179176-A791-43EB-93D8-FD49364B0015}
		{AD9C1A58-C550-444E-A420-F2336D07EE3E} = {CC70A712-ED9C-48D9-AD75-837ED6678A69}
		{831A19F9-71C3-4C37-9D35-26A67E9D4C15} = {74179176-A791-43EB-93D8-FD49364B0015}
		{637973B6-8B94-4341-9E7D-520B45B78FF7} = {74179176-A791-43EB-93D8-FD49364B0015}
		{58AA5BF0-6E97-42DA-A0EB-702F65B1F307} = {FC958E12-4B81-4B0E-809D-907607353DF9}
		{72FC4DB2-7F88-40A6-8611-FBA6F77ED9A2} = {DB8F37BC-718D-4FEB-9141-0EE908C76FF9}
		{3B5C50B7-E386-4C71-AAE3-911619C05A86} = {FC958E12-4B81-4B0E-809D-907607353DF9}
		{E72FAB0D-9836-49DA-92F3-BCCD530AD95D} = {FC958E12-4B81-4B0E-809D-907607353DF9}
		{0BA5AEF4-B363-43BC-B2F7-ED635C436825} = {08F60DE2-A8C4-410F-A0CC-E4D5BD92951A}
		{CC54F5DD-D6BA-4E6C-ADD8-477060A39B9B} = {DB8F37BC-718D-4FEB-9141-0EE908C76FF9}
		{EB748C2D-E06D-44A9-AF5C-3D27BFFE52A4} = {FC958E12-4B81-4B0E-809D-907607353DF9}
	EndGlobalSection
	GlobalSection(ExtensibilityGlobals) = postSolution
		SolutionGuid = {DFA41A32-8346-4173-84F3-2B4FA9155B52}
	EndGlobalSection
EndGlobal
